{
  "version": 4,
  "terraform_version": "1.16.1",
  "serial": 6,
  "lineage": "a56ec1a7-bd40-675f-2312-05c48dff7e5a",
  "outputs": {
    "internet_gateway_id": {
      "value": "igw-005c0b10628482707",
      "type": "string"
    },
    "public_subnet_id": {
      "value": "subnet-077ae18e28cbe507b",
      "type": "string"
    },
    "vpc_id": {
      "value": "vpc-0ec1ebf8fdfec7682",
      "type": "string"
    }
  },
  "resources": [
    {
      "mode": "managed",
      "type": "aws_internet_gateway",
      "name": "cloudforge",
      "provider": "provider[\"registry.terraform.io/hashicorp/aws\"]",
      "instances": [
        {
          "schema_version": 0,
          "attributes": {
            "arn": "arn:aws:ec2:us-east-1:595319278112:internet-gateway/igw-005c0b10628482707",
            "id": "igw-005c0b10628482707",
            "owner_id": "595319278112",
            "region": "us-east-1",
            "tags": {
              "Name": "cloudforge-dev-igw"
            },
            "tags_all": {
              "AutoDestroy": "true",
              "Environment": "dev",
              "ManagedBy": "Terraform",
              "Name": "cloudforge-dev-igw",
              "Owner": "learning",
              "Project": "CloudForge"
            },
            "timeouts": null,
            "vpc_id": "vpc-0ec1ebf8fdfec7682"
          },
          "sensitive_attributes": [],
          "identity_schema_version": 0,
          "identity": {
            "account_id": "595319278112",
            "id": "igw-005c0b10628482707",
            "region": "us-east-1"
          },
          "private": "eyJlMmJmYjczMC1lY2FhLTExZTYtOGY4OC0zNDM2M2JjN2M0YzAiOnsiY3JlYXRlIjoxMjAwMDAwMDAwMDAwLCJkZWxldGUiOjEyMDAwMDAwMDAwMDAsInVwZGF0ZSI6MTIwMDAwMDAwMDAwMH19",
          "dependencies": [
            "aws_vpc.cloudforge"
          ]
        }
      ]
    },
    {
      "mode": "managed",
      "type": "aws_route_table",
      "name": "cloudforge_public",
      "provider": "provider[\"registry.terraform.io/hashicorp/aws\"]",
      "instances": [
        {
          "schema_version": 0,
          "attributes": {
            "arn": "arn:aws:ec2:us-east-1:595319278112:route-table/rtb-01b1d6615cf7f7e7b",
            "id": "rtb-01b1d6615cf7f7e7b",
            "owner_id": "595319278112",
            "propagating_vgws": [],
            "region": "us-east-1",
            "route": [
              {
                "carrier_gateway_id": "",
                "cidr_block": "0.0.0.0/0",
                "core_network_arn": "",
                "destination_prefix_list_id": "",
                "egress_only_gateway_id": "",
                "gateway_id": "igw-005c0b10628482707",
                "ipv6_cidr_block": "",
                "local_gateway_id": "",
                "nat_gateway_id": "",
                "network_interface_id": "",
                "odb_network_arn": "",
                "transit_gateway_id": "",
                "vpc_endpoint_id": "",
                "vpc_peering_connection_id": ""
              }
            ],
            "tags": {
              "Name": "cloudforge-dev-public-rt"
            },
            "tags_all": {
              "AutoDestroy": "true",
              "Environment": "dev",
              "ManagedBy": "Terraform",
              "Name": "cloudforge-dev-public-rt",
              "Owner": "learning",
              "Project": "CloudForge"
            },
            "timeouts": null,
            "vpc_id": "vpc-0ec1ebf8fdfec7682"
          },
          "sensitive_attributes": [],
          "identity_schema_version": 0,
          "identity": {
            "account_id": "595319278112",
            "id": "rtb-01b1d6615cf7f7e7b",
            "region": "us-east-1"
          },
          "private": "eyJlMmJmYjczMC1lY2FhLTExZTYtOGY4OC0zNDM2M2JjN2M0YzAiOnsiY3JlYXRlIjozMDAwMDAwMDAwMDAsImRlbGV0ZSI6MzAwMDAwMDAwMDAwLCJ1cGRhdGUiOjEyMDAwMDAwMDAwMH19",
          "dependencies": [
            "aws_internet_gateway.cloudforge",
            "aws_vpc.cloudforge"
          ]
        }
      ]
    },
    {
      "mode": "managed",
      "type": "aws_route_table_association",
      "name": "cloudforge_public",
      "provider": "provider[\"registry.terraform.io/hashicorp/aws\"]",
      "instances": [
        {
          "schema_version": 0,
          "attributes": {
            "gateway_id": "",
            "id": "rtbassoc-04adb037e0ee3a014",
            "region": "us-east-1",
            "route_table_id": "rtb-01b1d6615cf7f7e7b",
            "subnet_id": "subnet-077ae18e28cbe507b",
            "timeouts": null
          },
          "sensitive_attributes": [],
          "identity_schema_version": 0,
          "identity": {
            "account_id": "595319278112",
            "id": "rtbassoc-04adb037e0ee3a014",
            "region": "us-east-1"
          },
          "private": "eyJlMmJmYjczMC1lY2FhLTExZTYtOGY4OC0zNDM2M2JjN2M0YzAiOnsiY3JlYXRlIjozMDAwMDAwMDAwMDAsImRlbGV0ZSI6MzAwMDAwMDAwMDAwLCJ1cGRhdGUiOjEyMDAwMDAwMDAwMH19",
          "dependencies": [
            "aws_internet_gateway.cloudforge",
            "aws_route_table.cloudforge_public",
            "aws_subnet.cloudforge_public",
            "aws_vpc.cloudforge"
          ]
        }
      ]
    },
    {
      "mode": "managed",
      "type": "aws_subnet",
      "name": "cloudforge_public",
      "provider": "provider[\"registry.terraform.io/hashicorp/aws\"]",
      "instances": [
        {
          "schema_version": 1,
          "attributes": {
            "arn": "arn:aws:ec2:us-east-1:595319278112:subnet/subnet-077ae18e28cbe507b",
            "assign_ipv6_address_on_creation": false,
            "availability_zone": "us-east-1a",
            "availability_zone_id": "use1-az1",
            "cidr_block": "10.0.1.0/24",
            "customer_owned_ipv4_pool": "",
            "enable_dns64": false,
            "enable_lni_at_device_index": 0,
            "enable_resource_name_dns_a_record_on_launch": false,
            "enable_resource_name_dns_aaaa_record_on_launch": false,
            "id": "subnet-077ae18e28cbe507b",
            "ipv4_ipam_pool_id": null,
            "ipv4_netmask_length": null,
            "ipv6_cidr_block": "",
            "ipv6_cidr_block_association_id": "",
            "ipv6_ipam_pool_id": null,
            "ipv6_native": false,
            "ipv6_netmask_length": null,
            "map_customer_owned_ip_on_launch": false,
            "map_public_ip_on_launch": true,
            "outpost_arn": "",
            "owner_id": "595319278112",
            "private_dns_hostname_type_on_launch": "ip-name",
            "region": "us-east-1",
            "tags": {
              "Name": "cloudforge-dev-public-subnet"
            },
            "tags_all": {
              "AutoDestroy": "true",
              "Environment": "dev",
              "ManagedBy": "Terraform",
              "Name": "cloudforge-dev-public-subnet",
              "Owner": "learning",
              "Project": "CloudForge"
            },
            "timeouts": null,
            "vpc_id": "vpc-0ec1ebf8fdfec7682"
          },
          "sensitive_attributes": [],
          "identity_schema_version": 0,
          "identity": {
            "account_id": "595319278112",
            "id": "subnet-077ae18e28cbe507b",
            "region": "us-east-1"
          },
          "private": "eyJlMmJmYjczMC1lY2FhLTExZTYtOGY4OC0zNDM2M2JjN2M0YzAiOnsiY3JlYXRlIjo2MDAwMDAwMDAwMDAsImRlbGV0ZSI6MTIwMDAwMDAwMDAwMH0sInNjaGVtYV92ZXJzaW9uIjoiMSJ9",
          "dependencies": [
            "aws_vpc.cloudforge"
          ]
        }
      ]
    },
    {
      "mode": "managed",
      "type": "aws_vpc",
      "name": "cloudforge",
      "provider": "provider[\"registry.terraform.io/hashicorp/aws\"]",
      "instances": [
        {
          "schema_version": 1,
          "attributes": {
            "arn": "arn:aws:ec2:us-east-1:595319278112:vpc/vpc-0ec1ebf8fdfec7682",
            "assign_generated_ipv6_cidr_block": false,
            "cidr_block": "10.0.0.0/16",
            "default_network_acl_id": "acl-08e6aad2c2bda2488",
            "default_route_table_id": "rtb-0f9cfbcb28f7a63cb",
            "default_security_group_id": "sg-03e3d5c50ce1b0801",
            "dhcp_options_id": "dopt-0e29aa7552cabf4c0",
            "enable_dns_hostnames": true,
            "enable_dns_support": true,
            "enable_network_address_usage_metrics": false,
            "id": "vpc-0ec1ebf8fdfec7682",
            "instance_tenancy": "default",
            "ipv4_ipam_pool_id": null,
            "ipv4_netmask_length": null,
            "ipv6_association_id": "",
            "ipv6_cidr_block": "",
            "ipv6_cidr_block_network_border_group": "",
            "ipv6_ipam_pool_id": "",
            "ipv6_netmask_length": 0,
            "main_route_table_id": "rtb-0f9cfbcb28f7a63cb",
            "owner_id": "595319278112",
            "region": "us-east-1",
            "tags": {
              "Name": "cloudforge-dev-vpc"
            },
            "tags_all": {
              "AutoDestroy": "true",
              "Environment": "dev",
              "ManagedBy": "Terraform",
              "Name": "cloudforge-dev-vpc",
              "Owner": "learning",
              "Project": "CloudForge"
            }
          },
          "sensitive_attributes": [],
          "identity_schema_version": 0,
          "identity": {
            "account_id": "595319278112",
            "id": "vpc-0ec1ebf8fdfec7682",
            "region": "us-east-1"
          },
          "private": "eyJzY2hlbWFfdmVyc2lvbiI6IjEifQ=="
        }
      ]
    }
  ],
  "check_results": null
}
